
Microsoft Visual Studio Solution File, Format Version 12.00
# Visual Studio 15
VisualStudioVersion = 15.0.26730.12
MinimumVisualStudioVersion = 10.0.40219.1
Project("{9A19103F-16F7-4668-BE54-9A1E7A4F7556}") = "IMC.Testing.HelloWorld", "IMC.Testing.HelloWorld\IMC.Testing.HelloWorld.csproj", "{C78BCEB7-E2FA-4AC1-B301-A58473863F23}"
EndProject
Project("{2150E333-8FDC-42A3-9474-1A3956D46DE8}") = "01 Hello World", "01 Hello World", "{7ADCBEDD-77F6-40AC-8E7B-8A434995CFB5}"
EndProject
Project("{9A19103F-16F7-4668-BE54-9A1E7A4F7556}") = "IMC.Testing.HelloWorld.Tests", "IMC.Testing.HelloWorld.Tests\IMC.Testing.HelloWorld.Tests.csproj", "{06F0016F-0F3E-4ADF-B02A-4992401D8901}"
EndProject
Project("{2150E333-8FDC-42A3-9474-1A3956D46DE8}") = "02 Mocking", "02 Mocking", "{0FFB608B-30F5-4990-931A-75BAAD40A4D2}"
EndProject
Project("{FAE04EC0-301F-11D3-BF4B-00C04F79EFBC}") = "IMC.Testing.Mocking", "IMC.Testing.Mocking\IMC.Testing.Mocking.csproj", "{8BB041F1-5C49-4F97-B314-9FAF52135C94}"
EndProject
Project("{FAE04EC0-301F-11D3-BF4B-00C04F79EFBC}") = "IMC.Testing.Mocking.Tests", "IMC.Testing.Mocking.Tests\IMC.Testing.Mocking.Tests.csproj", "{56311335-AAFF-41B0-9FEE-A3B47F4491D7}"
EndProject
Project("{2150E333-8FDC-42A3-9474-1A3956D46DE8}") = "03 TDD", "03 TDD", "{B013D6B1-CFFE-47D9-8BED-8C7087947AE9}"
EndProject
Project("{FAE04EC0-301F-11D3-BF4B-00C04F79EFBC}") = "IMC.Testing.TDD.Tests", "IMC.Testing.TDD.Tests\IMC.Testing.TDD.Tests.csproj", "{B689A3C2-18FE-471D-8351-5029AF11463E}"
EndProject
Project("{FAE04EC0-301F-11D3-BF4B-00C04F79EFBC}") = "IMC.Testing.TDD", "IMC.Testing.TDD\IMC.Testing.TDD.csproj", "{E3C83E42-B16B-43B5-AC5F-32CBD29A8932}"
EndProject
Global
	GlobalSection(SolutionConfigurationPlatforms) = preSolution
		Debug|Any CPU = Debug|Any CPU
		Release|Any CPU = Release|Any CPU
	EndGlobalSection
	GlobalSection(ProjectConfigurationPlatforms) = postSolution
		{C78BCEB7-E2FA-4AC1-B301-A58473863F23}.Debug|Any CPU.ActiveCfg = Debug|Any CPU
		{C78BCEB7-E2FA-4AC1-B301-A58473863F23}.Debug|Any CPU.Build.0 = Debug|Any CPU
		{C78BCEB7-E2FA-4AC1-B301-A58473863F23}.Release|Any CPU.ActiveCfg = Release|Any CPU
		{C78BCEB7-E2FA-4AC1-B301-A58473863F23}.Release|Any CPU.Build.0 = Release|Any CPU
		{06F0016F-0F3E-4ADF-B02A-4992401D8901}.Debug|Any CPU.ActiveCfg = Debug|Any CPU
		{06F0016F-0F3E-4ADF-B02A-4992401D8901}.Debug|Any CPU.Build.0 = Debug|Any CPU
		{06F0016F-0F3E-4ADF-B02A-4992401D8901}.Release|Any CPU.ActiveCfg = Release|Any CPU
		{06F0016F-0F3E-4ADF-B02A-4992401D8901}.Release|Any CPU.Build.0 = Release|Any CPU
		{8BB041F1-5C49-4F97-B314-9FAF52135C94}.Debug|Any CPU.ActiveCfg = Debug|Any CPU
		{8BB041F1-5C49-4F97-B314-9FAF52135C94}.Debug|Any CPU.Build.0 = Debug|Any CPU
		{8BB041F1-5C49-4F97-B314-9FAF52135C94}.Release|Any CPU.ActiveCfg = Release|Any CPU
		{8BB041F1-5C49-4F97-B314-9FAF52135C94}.Release|Any CPU.Build.0 = Release|Any CPU
		{56311335-AAFF-41B0-9FEE-A3B47F4491D7}.Debug|Any CPU.ActiveCfg = Debug|Any CPU
		{56311335-AAFF-41B0-9FEE-A3B47F4491D7}.Debug|Any CPU.Build.0 = Debug|Any CPU
		{56311335-AAFF-41B0-9FEE-A3B47F4491D7}.Release|Any CPU.ActiveCfg = Release|Any CPU
		{56311335-AAFF-41B0-9FEE-A3B47F4491D7}.Release|Any CPU.Build.0 = Release|Any CPU
		{B689A3C2-18FE-471D-8351-5029AF11463E}.Debug|Any CPU.ActiveCfg = Debug|Any CPU
		{B689A3C2-18FE-471D-8351-5029AF11463E}.Debug|Any CPU.Build.0 = Debug|Any CPU
		{B689A3C2-18FE-471D-8351-5029AF11463E}.Release|Any CPU.ActiveCfg = Release|Any CPU
		{B689A3C2-18FE-471D-8351-5029AF11463E}.Release|Any CPU.Build.0 = Release|Any CPU
		{E3C83E42-B16B-43B5-AC5F-32CBD29A8932}.Debug|Any CPU.ActiveCfg = Debug|Any CPU
		{E3C83E42-B16B-43B5-AC5F-32CBD29A8932}.Debug|Any CPU.Build.0 = Debug|Any CPU
		{E3C83E42-B16B-43B5-AC5F-32CBD29A8932}.Release|Any CPU.ActiveCfg = Release|Any CPU
		{E3C83E42-B16B-43B5-AC5F-32CBD29A8932}.Release|Any CPU.Build.0 = Release|Any CPU
	EndGlobalSection
	GlobalSection(SolutionProperties) = preSolution
		HideSolutionNode = FALSE
	EndGlobalSection
	GlobalSection(NestedProjects) = preSolution
		{C78BCEB7-E2FA-4AC1-B301-A58473863F23} = {7ADCBEDD-77F6-40AC-8E7B-8A434995CFB5}
		{06F0016F-0F3E-4ADF-B02A-4992401D8901} = {7ADCBEDD-77F6-40AC-8E7B-8A434995CFB5}
		{8BB041F1-5C49-4F97-B314-9FAF52135C94} = {0FFB608B-30F5-4990-931A-75BAAD40A4D2}
		{56311335-AAFF-41B0-9FEE-A3B47F4491D7} = {0FFB608B-30F5-4990-931A-75BAAD40A4D2}
		{B689A3C2-18FE-471D-8351-5029AF11463E} = {B013D6B1-CFFE-47D9-8BED-8C7087947AE9}
		{E3C83E42-B16B-43B5-AC5F-32CBD29A8932} = {B013D6B1-CFFE-47D9-8BED-8C7087947AE9}
	EndGlobalSection
	GlobalSection(ExtensibilityGlobals) = postSolution
		SolutionGuid = {B07A99E3-DC8A-41E8-869A-883170E06835}
	EndGlobalSection
EndGlobal
